
Microsoft Visual Studio Solution File, Format Version 12.00
# Visual Studio 14
VisualStudioVersion = 14.0.23107.0
MinimumVisualStudioVersion = 10.0.40219.1
Project("{FAE04EC0-301F-11D3-BF4B-00C04F79EFBC}") = "XCompanyLib", "XCompanyLib\XCompanyLib.csproj", "{B23102FD-3501-4761-8538-2637C2534436}"
EndProject
Project("{FAE04EC0-301F-11D3-BF4B-00C04F79EFBC}") = "UnitTestForTriangleSquareCalculator", "UnitTestForTriangleSquareCalculator\UnitTestForTriangleSquareCalculator.csproj", "{DDA78F9D-3F66-4C61-AC03-DA136073D6E0}"
EndProject
Global
	GlobalSection(SolutionConfigurationPlatforms) = preSolution
		Debug|Any CPU = Debug|Any CPU
		Release|Any CPU = Release|Any CPU
	EndGlobalSection
	GlobalSection(ProjectConfigurationPlatforms) = postSolution
		{B23102FD-3501-4761-8538-2637C2534436}.Debug|Any CPU.ActiveCfg = Debug|Any CPU
		{B23102FD-3501-4761-8538-2637C2534436}.Debug|Any CPU.Build.0 = Debug|Any CPU
		{B23102FD-3501-4761-8538-2637C2534436}.Release|Any CPU.ActiveCfg = Release|Any CPU
		{B23102FD-3501-4761-8538-2637C2534436}.Release|Any CPU.Build.0 = Release|Any CPU
		{DDA78F9D-3F66-4C61-AC03-DA136073D6E0}.Debug|Any CPU.ActiveCfg = Debug|Any CPU
		{DDA78F9D-3F66-4C61-AC03-DA136073D6E0}.Debug|Any CPU.Build.0 = Debug|Any CPU
		{DDA78F9D-3F66-4C61-AC03-DA136073D6E0}.Release|Any CPU.ActiveCfg = Release|Any CPU
		{DDA78F9D-3F66-4C61-AC03-DA136073D6E0}.Release|Any CPU.Build.0 = Release|Any CPU
	EndGlobalSection
	GlobalSection(SolutionProperties) = preSolution
		HideSolutionNode = FALSE
	EndGlobalSection
EndGlobal
